Microsoft Visual Studio Solution File, Format Version 12.00
# Visual Studio Version 17
VisualStudioVersion = 17.5.2.0
MinimumVisualStudioVersion = 10.0.40219.1
Project("{FAE04EC0-301F-11D3-BF4B-00C04F79EFBC}") = "JwtAuthDemo", "JwtAuthDemo.csproj", "{50D1D08F-7AD9-63B8-9189-C94443B6B6BE}"
EndProject
Global
	GlobalSection(SolutionConfigurationPlatforms) = preSolution
		Debug|Any CPU = Debug|Any CPU
		Release|Any CPU = Release|Any CPU
	EndGlobalSection
	GlobalSection(ProjectConfigurationPlatforms) = postSolution
		{50D1D08F-7AD9-63B8-9189-C94443B6B6BE}.Debug|Any CPU.ActiveCfg = Debug|Any CPU
		{50D1D08F-7AD9-63B8-9189-C94443B6B6BE}.Debug|Any CPU.Build.0 = Debug|Any CPU
		{50D1D08F-7AD9-63B8-9189-C94443B6B6BE}.Release|Any CPU.ActiveCfg = Release|Any CPU
		{50D1D08F-7AD9-63B8-9189-C94443B6B6BE}.Release|Any CPU.Build.0 = Release|Any CPU
	EndGlobalSection
	GlobalSection(SolutionProperties) = preSolution
		HideSolutionNode = FALSE
	EndGlobalSection
	GlobalSection(ExtensibilityGlobals) = postSolution
		SolutionGuid = {E7EBC3E0-AB45-4C3A-814E-DD3E89D263C4}
	EndGlobalSection
EndGlobal
